
Microsoft Visual Studio Solution File, Format Version 12.00
# Visual Studio 15
VisualStudioVersion = 15.0.26730.16
MinimumVisualStudioVersion = 10.0.40219.1
Project("{FAE04EC0-301F-11D3-BF4B-00C04F79EFBC}") = "SportsClub", "SportsClub\SportsClub.csproj", "{17D6129D-F0D2-419B-B513-33F43F647D7E}"
EndProject
Global
	GlobalSection(SolutionConfigurationPlatforms) = preSolution
		Debug|Any CPU = Debug|Any CPU
		Release|Any CPU = Release|Any CPU
	EndGlobalSection
	GlobalSection(ProjectConfigurationPlatforms) = postSolution
		{17D6129D-F0D2-419B-B513-33F43F647D7E}.Debug|Any CPU.ActiveCfg = Debug|Any CPU
		{17D6129D-F0D2-419B-B513-33F43F647D7E}.Debug|Any CPU.Build.0 = Debug|Any CPU
		{17D6129D-F0D2-419B-B513-33F43F647D7E}.Release|Any CPU.ActiveCfg = Release|Any CPU
		{17D6129D-F0D2-419B-B513-33F43F647D7E}.Release|Any CPU.Build.0 = Release|Any CPU
	EndGlobalSection
	GlobalSection(SolutionProperties) = preSolution
		HideSolutionNode = FALSE
	EndGlobalSection
	GlobalSection(ExtensibilityGlobals) = postSolution
		SolutionGuid = {2104986C-E301-4F9A-9C97-D64DA11B639A}
	EndGlobalSection
EndGlobal
